
Microsoft Visual Studio Solution File, Format Version 12.00
# Visual Studio Version 16
VisualStudioVersion = 16.0.31727.386
MinimumVisualStudioVersion = 10.0.40219.1
Project("{FAE04EC0-301F-11D3-BF4B-00C04F79EFBC}") = "TypesAndVariables", "TypesAndVariables\TypesAndVariables.csproj", "{C98118BB-D188-433F-930F-9C550C285096}"
EndProject
Project("{FAE04EC0-301F-11D3-BF4B-00C04F79EFBC}") = "condititonals", "condititonals\condititonals.csproj", "{A8ED6B99-B338-40C8-880A-7A78DC6A155C}"
EndProject
Global
	GlobalSection(SolutionConfigurationPlatforms) = preSolution
		Debug|Any CPU = Debug|Any CPU
		Release|Any CPU = Release|Any CPU
	EndGlobalSection
	GlobalSection(ProjectConfigurationPlatforms) = postSolution
		{C98118BB-D188-433F-930F-9C550C285096}.Debug|Any CPU.ActiveCfg = Debug|Any CPU
		{C98118BB-D188-433F-930F-9C550C285096}.Debug|Any CPU.Build.0 = Debug|Any CPU
		{C98118BB-D188-433F-930F-9C550C285096}.Release|Any CPU.ActiveCfg = Release|Any CPU
		{C98118BB-D188-433F-930F-9C550C285096}.Release|Any CPU.Build.0 = Release|Any CPU
		{A8ED6B99-B338-40C8-880A-7A78DC6A155C}.Debug|Any CPU.ActiveCfg = Debug|Any CPU
		{A8ED6B99-B338-40C8-880A-7A78DC6A155C}.Debug|Any CPU.Build.0 = Debug|Any CPU
		{A8ED6B99-B338-40C8-880A-7A78DC6A155C}.Release|Any CPU.ActiveCfg = Release|Any CPU
		{A8ED6B99-B338-40C8-880A-7A78DC6A155C}.Release|Any CPU.Build.0 = Release|Any CPU
	EndGlobalSection
	GlobalSection(SolutionProperties) = preSolution
		HideSolutionNode = FALSE
	EndGlobalSection
	GlobalSection(ExtensibilityGlobals) = postSolution
		SolutionGuid = {7FE0BFB2-5F86-4B38-A1E6-7D8512FEA69F}
	EndGlobalSection
EndGlobal
